
Microsoft Visual Studio Solution File, Format Version 12.00
# Visual Studio Version 16
VisualStudioVersion = 16.0.28803.352
MinimumVisualStudioVersion = 10.0.40219.1
Project("{FAE04EC0-301F-11D3-BF4B-00C04F79EFBC}") = "SIMDPerformanceBench", "SIMDPerformance\SIMDPerformanceBench.csproj", "{3BAF9899-3BB5-433A-987C-F45519BCE4B9}"
EndProject
Project("{FAE04EC0-301F-11D3-BF4B-00C04F79EFBC}") = "SIMDPerformanceDebug", "SIMDPerformanceDebug\SIMDPerformanceDebug.csproj", "{32B90246-60B7-4A5F-A528-EA86CD7B5302}"
EndProject
Global
	GlobalSection(SolutionConfigurationPlatforms) = preSolution
		Debug|Any CPU = Debug|Any CPU
		Release|Any CPU = Release|Any CPU
	EndGlobalSection
	GlobalSection(ProjectConfigurationPlatforms) = postSolution
		{3BAF9899-3BB5-433A-987C-F45519BCE4B9}.Debug|Any CPU.ActiveCfg = Debug|Any CPU
		{3BAF9899-3BB5-433A-987C-F45519BCE4B9}.Debug|Any CPU.Build.0 = Debug|Any CPU
		{3BAF9899-3BB5-433A-987C-F45519BCE4B9}.Release|Any CPU.ActiveCfg = Release|Any CPU
		{3BAF9899-3BB5-433A-987C-F45519BCE4B9}.Release|Any CPU.Build.0 = Release|Any CPU
		{32B90246-60B7-4A5F-A528-EA86CD7B5302}.Debug|Any CPU.ActiveCfg = Debug|Any CPU
		{32B90246-60B7-4A5F-A528-EA86CD7B5302}.Debug|Any CPU.Build.0 = Debug|Any CPU
		{32B90246-60B7-4A5F-A528-EA86CD7B5302}.Release|Any CPU.ActiveCfg = Release|Any CPU
		{32B90246-60B7-4A5F-A528-EA86CD7B5302}.Release|Any CPU.Build.0 = Release|Any CPU
	EndGlobalSection
	GlobalSection(SolutionProperties) = preSolution
		HideSolutionNode = FALSE
	EndGlobalSection
	GlobalSection(ExtensibilityGlobals) = postSolution
		SolutionGuid = {63636A77-C6D1-4ADB-82E0-A41C3A321AE3}
	EndGlobalSection
EndGlobal
